{
  "requires": true,
  "lockfileVersion": 1,
  "dependencies": {
    "@ionic/core": {
      "version": "5.6.14",
      "resolved": "https://registry.npmjs.org/@ionic/core/-/core-5.6.14.tgz",
      "integrity": "sha512-0LrEofgfA91aqDlXgnOIfC3QrRxazSA4Zu6StQ1ksQqzkYsJLmceaTowl/b72Yt4eaNHUQIVvUvazpoDNp+zRQ==",
      "requires": {
        "@stencil/core": "^2.4.0",
        "ionicons": "^5.5.3",
        "tslib": "^2.1.0"
      }
    },
    "@ionic/react": {
      "version": "5.6.14",
      "resolved": "https://registry.npmjs.org/@ionic/react/-/react-5.6.14.tgz",
      "integrity": "sha512-uu1RmQRYULB0dW2ufMx8QVXOBcE+Ub6bXqJRb4uUguMYxehQ0ZfdsOYqFqnOak3T9bbckDeZYW8GomKxDP49tQ==",
      "requires": {
        "@ionic/core": "5.6.14",
        "ionicons": "^5.1.2",
        "tslib": "*"
      }
    },
    "@stencil/core": {
      "version": "2.7.1",
      "resolved": "https://registry.npmjs.org/@stencil/core/-/core-2.7.1.tgz",
      "integrity": "sha512-kpeqCyfoWyqyiqn32xQGx5bpVwH1UtcZEpYPx42MpoxHZNlpmjV+852/PGFFWsMTqrLiP8Z1NU5rT7yXUCsG6Q=="
    },
    "ionicons": {
      "version": "5.5.3",
      "resolved": "https://registry.npmjs.org/ionicons/-/ionicons-5.5.3.tgz",
      "integrity": "sha512-L71djrMi8pAad66tpwdnO1vwcyluCFvehzxU1PpH1k/HpYBZhZ5IaYhqXipmqUvu5aEbd4cbRguYyI5Fd4bxTw==",
      "requires": {
        "@stencil/core": "^2.5.0"
      }
    },
    "tslib": {
      "version": "2.3.1",
      "resolved": "https://registry.npmjs.org/tslib/-/tslib-2.3.1.tgz",
      "integrity": "sha512-77EbyPPpMz+FRFRuAFlWMtmgUWGe9UOG2Z25NqCwiIjRhOf5iKGuzSe5P2w1laq+FkRy4p+PCuVkJSGkzTEKVw=="
    }
  }
}
